{
  "name": "pi-extensions",
  "lockfileVersion": 3,
  "requires": true,
  "packages": {
    "": {
      "name": "pi-extensions",
      "dependencies": {
        "@gotgenes/pi-permission-system": "^26.3.1",
        "pi-sandbox": "^0.6.5",
        "pi-vim": "^0.14.1"
      }
    },
    "node_modules/@carderne/sandbox-runtime": {
      "version": "0.0.70",
      "resolved": "https://registry.npmjs.org/@carderne/sandbox-runtime/-/sandbox-runtime-0.0.70.tgz",
      "integrity": "sha512-b/O2EFJt2DjnEal0mF4hzCNOOtJV6lknJJL2tYMPpcbOCEiHRo5ycK1K0WX5x+aOq0GF32S/sM1r4JbG4yQL2w==",
      "license": "Apache-2.0",
      "dependencies": {
        "@pondwader/socks5-server": "^1.0.10",
        "commander": "^12.1.0",
        "node-forge": "^1.4.0",
        "zod": "^3.24.1"
      },
      "bin": {
        "srt": "dist/cli.js"
      },
      "engines": {
        "node": ">=20.11.0"
      }
    },
    "node_modules/@carderne/sandbox-runtime/node_modules/zod": {
      "version": "3.25.76",
      "resolved": "https://registry.npmjs.org/zod/-/zod-3.25.76.tgz",
      "integrity": "sha512-gzUt/qt81nXsFGKIFcC3YnfEAx5NkunCfnDlvuBSSFS02bcXu4Lmea0AFIUwbLWxWPx3d9p8S5QoaujKcNQxcQ==",
      "license": "MIT",
      "funding": {
        "url": "https://github.com/sponsors/colinhacks"
      }
    },
    "node_modules/@gotgenes/pi-permission-system": {
      "version": "26.3.1",
      "resolved": "https://registry.npmjs.org/@gotgenes/pi-permission-system/-/pi-permission-system-26.3.1.tgz",
      "integrity": "sha512-dyVeTuj4QXl1FCJK1v1xJFyyRXYv/K2lAXM8U0BD+P51naGDZuh0UtjPrFbdF6WmVI0bUHfOwQ8DU4aP3rioNQ==",
      "license": "MIT",
      "dependencies": {
        "tree-sitter-bash": "^0.25.1",
        "web-tree-sitter": "^0.26.9",
        "zod": "^4.4.3"
      },
      "engines": {
        "node": ">=22"
      },
      "peerDependencies": {
        "@earendil-works/pi-coding-agent": ">=0.79.0",
        "@earendil-works/pi-tui": ">=0.79.0"
      }
    },
    "node_modules/@pondwader/socks5-server": {
      "version": "1.0.10",
      "resolved": "https://registry.npmjs.org/@pondwader/socks5-server/-/socks5-server-1.0.10.tgz",
      "integrity": "sha512-bQY06wzzR8D2+vVCUoBsr5QS2U6UgPUQRmErNwtsuI6vLcyRKkafjkr3KxbtGFf9aBBIV2mcvlsKD1UYaIV+sg==",
      "license": "MIT"
    },
    "node_modules/commander": {
      "version": "12.1.0",
      "resolved": "https://registry.npmjs.org/commander/-/commander-12.1.0.tgz",
      "integrity": "sha512-Vw8qHK3bZM9y/P10u3Vib8o/DdkvA2OtPtZvD871QKjy74Wj1WSKFILMPRPSdUSx5RFK1arlJzEtA4PkFgnbuA==",
      "license": "MIT",
      "engines": {
        "node": ">=18"
      }
    },
    "node_modules/node-addon-api": {
      "version": "8.9.2",
      "resolved": "https://registry.npmjs.org/node-addon-api/-/node-addon-api-8.9.2.tgz",
      "integrity": "sha512-VijLXbi3UACN69I0JVXJsX4tjACjNoQDgv2gTF6sx2wWEi8tkSg2eX8p5gSIFi8z2+DL3oHmY6OyKce38SDolg==",
      "license": "MIT",
      "engines": {
        "node": "^18 || ^20 || >= 21"
      }
    },
    "node_modules/node-forge": {
      "version": "1.4.0",
      "resolved": "https://registry.npmjs.org/node-forge/-/node-forge-1.4.0.tgz",
      "integrity": "sha512-LarFH0+6VfriEhqMMcLX2F7SwSXeWwnEAJEsYm5QKWchiVYVvJyV9v7UDvUv+w5HO23ZpQTXDv/GxdDdMyOuoQ==",
      "license": "(BSD-3-Clause OR GPL-2.0)",
      "engines": {
        "node": ">= 6.13.0"
      }
    },
    "node_modules/node-gyp-build": {
      "version": "4.8.4",
      "resolved": "https://registry.npmjs.org/node-gyp-build/-/node-gyp-build-4.8.4.tgz",
      "integrity": "sha512-LA4ZjwlnUblHVgq0oBF3Jl/6h/Nvs5fzBLwdEF4nuxnFdsfajde4WfxtJr3CaiH+F6ewcIB/q4jQ4UzPyid+CQ==",
      "license": "MIT",
      "bin": {
        "node-gyp-build": "bin.js",
        "node-gyp-build-optional": "optional.js",
        "node-gyp-build-test": "build-test.js"
      }
    },
    "node_modules/pi-sandbox": {
      "version": "0.6.5",
      "resolved": "https://registry.npmjs.org/pi-sandbox/-/pi-sandbox-0.6.5.tgz",
      "integrity": "sha512-SMr+vIRTp0qixpz/UZIALnqn8C6UFQBAkFiFVLUHt4ZkL0suo1X1yp8iOv32SXD5Qk9M6mQbFTCOy1C4y4mtqA==",
      "license": "MIT",
      "dependencies": {
        "@carderne/sandbox-runtime": "^0.0.70"
      },
      "peerDependencies": {
        "@earendil-works/pi-coding-agent": "^0.80.0",
        "@earendil-works/pi-tui": "*"
      },
      "peerDependenciesMeta": {
        "@earendil-works/pi-coding-agent": {
          "optional": true
        }
      }
    },
    "node_modules/pi-vim": {
      "version": "0.14.1",
      "resolved": "https://registry.npmjs.org/pi-vim/-/pi-vim-0.14.1.tgz",
      "integrity": "sha512-m8/j84pGlu01b6aucqgDQQQcS4kU+B0ws6/LIKB/HMWb43xVFXLqdZN06Op5OhBm+9aDDUkzFfFp3ErrtwLNRQ==",
      "license": "MIT",
      "peerDependencies": {
        "@earendil-works/pi-coding-agent": "*",
        "@earendil-works/pi-tui": ">=0.74.0"
      }
    },
    "node_modules/tree-sitter-bash": {
      "version": "0.25.1",
      "resolved": "https://registry.npmjs.org/tree-sitter-bash/-/tree-sitter-bash-0.25.1.tgz",
      "integrity": "sha512-7hMytuYIMoXOq24yRulgIxthE9YmggZIOHCyPTTuJcu6EU54tYD+4G39cUb28kxC6jMf/AbPfWGLQtgPTdh3xw==",
      "hasInstallScript": true,
      "license": "MIT",
      "dependencies": {
        "node-addon-api": "^8.2.1",
        "node-gyp-build": "^4.8.2"
      },
      "peerDependencies": {
        "tree-sitter": "^0.25.0"
      },
      "peerDependenciesMeta": {
        "tree-sitter": {
          "optional": true
        }
      }
    },
    "node_modules/web-tree-sitter": {
      "version": "0.26.12",
      "resolved": "https://registry.npmjs.org/web-tree-sitter/-/web-tree-sitter-0.26.12.tgz",
      "integrity": "sha512-fvqTNZQBGUgUgfP0mHw+iHf9Yf6bRQrp0A3pSf2v/hSKxkT1beCoIWoLVmlPL7O6dmySfSb/t1aJoJvrgTRStw==",
      "license": "MIT"
    },
    "node_modules/zod": {
      "version": "4.4.3",
      "resolved": "https://registry.npmjs.org/zod/-/zod-4.4.3.tgz",
      "integrity": "sha512-ytENFjIJFl2UwYglde2jchW2Hwm4GJFLDiSXWdTrJQBIN9Fcyp7n4DhxJEiWNAJMV1/BqWfW/kkg71UDcHJyTQ==",
      "license": "MIT",
      "funding": {
        "url": "https://github.com/sponsors/colinhacks"
      }
    }
  }
}
